lockfileVersion: '9.0'

settings:
  autoInstallPeers: true
  excludeLinksFromLockfile: false

importers:

  .:
    dependencies:
      blessed:
        specifier: ^0.1.81
        version: 0.1.81
      hono:
        specifier: ^4.6.15
        version: 4.6.15
      sst:
        specifier: 3.4.39
        version: 3.4.39(hono@4.6.15)
    devDependencies:
      '@cloudflare/workers-types':
        specifier: 4.20241224.0
        version: 4.20241224.0

packages:

  '@cloudflare/workers-types@4.20241224.0':
    resolution: {integrity: sha512-1ZmFc8qqM7S/HUGmLplc4P8n8DoMqiJmc47r9Lr7VbuaotoqCXVljz09w1V1mc4K3pbFPgvqSy4XYStZ08HrlQ==}

  aws4fetch@1.0.20:
    resolution: {integrity: sha512-/djoAN709iY65ETD6LKCtyyEI04XIBP5xVvfmNxsEP0uJB5tyaGBztSryRr4HqMStr9R06PisQE7m9zDTXKu6g==}

  blessed@0.1.81:
    resolution: {integrity: sha512-LoF5gae+hlmfORcG1M5+5XZi4LBmvlXTzwJWzUlPryN/SJdSflZvROM2TwkT0GMpq7oqT48NRd4GS7BiVBc5OQ==}
    engines: {node: '>= 0.8.0'}
    hasBin: true

  hono@4.6.15:
    resolution: {integrity: sha512-OiQwvAOAaI2JrABBH69z5rsctHDzFzIKJge0nYXgtzGJ0KftwLWcBXm1upJC23/omNRtnqM0gjRMbtXshPdqhQ==}
    engines: {node: '>=16.9.0'}

  jose@4.15.9:
    resolution: {integrity: sha512-1vUQX+IdDMVPj4k8kOxgUqlcK518yluMuGZwqlr44FS1ppZB/5GWh4rZG89erpOBOJjU/OBsnCVFfapsRz6nEA==}

  jose@5.2.3:
    resolution: {integrity: sha512-KUXdbctm1uHVL8BYhnyHkgp3zDX5KW8ZhAKVFEfUbU2P8Alpzjb+48hHvjOdQIyPshoblhzsuqOwEEAbtHVirA==}

  lru-cache@6.0.0:
    resolution: {integrity: sha512-Jo6dJ04CmSjuznwJSS3pUeWmd/H0ffTlkXXgwZi+eq1UCmqQwCh+eLsYOYCwY991i2Fah4h1BEMCx4qThGbsiA==}
    engines: {node: '>=10'}

  object-hash@2.2.0:
    resolution: {integrity: sha512-gScRMn0bS5fH+IuwyIFgnh9zBdo4DV+6GhygmWM9HyNJSgS0hScp1f5vjtm7oIIOiT9trXrShAkLFSc2IqKNgw==}
    engines: {node: '>= 6'}

  oidc-token-hash@5.0.3:
    resolution: {integrity: sha512-IF4PcGgzAr6XXSff26Sk/+P4KZFJVuHAJZj3wgO3vX2bMdNVp/QXTP3P7CEm9V1IdG8lDLY3HhiqpsE/nOwpPw==}
    engines: {node: ^10.13.0 || >=12.0.0}

  openid-client@5.6.4:
    resolution: {integrity: sha512-T1h3B10BRPKfcObdBklX639tVz+xh34O7GjofqrqiAQdm7eHsQ00ih18x6wuJ/E6FxdtS2u3FmUGPDeEcMwzNA==}

  sst-darwin-arm64@3.4.39:
    resolution: {integrity: sha512-7rr9V5WWNc/IN98nzoSOEc6POmQJDouiqKLEF7GSXhnbXk1uhOVNTnH1yyK77OkwSFQxzdoFKmB16zMHodDwEw==}
    cpu: [arm64]
    os: [darwin]

  sst-darwin-x64@3.4.39:
    resolution: {integrity: sha512-ipnBwspPESoLGc4Brl4+REBHO/sKNiVPB6wI1ztiHor1oa+eQwnvMJO5NcJelL5iI4WHL+naklU7rBbi191Jqg==}
    cpu: [x64]
    os: [darwin]

  sst-linux-arm64@3.4.39:
    resolution: {integrity: sha512-hwXnIzuB6bXRmVhBV7LGEMJLinFXDLvKuIIM+cPqgp/XQRf14ASdbYZsdoG+V2hR/ATjyz/D7ODbKFp3FgT5bQ==}
    cpu: [arm64]
    os: [linux]

  sst-linux-x64@3.4.39:
    resolution: {integrity: sha512-1emGKGyz1+DjQtRjamPB++PhK3VvNDsQhvAYb+4VejLYx+c839pbAGr611pkNJwlMVtHadWzSG1POIcIOKVM8g==}
    cpu: [x64]
    os: [linux]

  sst-linux-x86@3.4.39:
    resolution: {integrity: sha512-8k1xS7ezRBLoQ2UbuNWZ6+5VAeNx/s+B5vLBYxpFzgM+RZBCT9XVuUHBKfwjacfUl1YC8u91Yt2PZ8o7oA5J/Q==}
    cpu: [x86]
    os: [linux]

  sst@3.4.39:
    resolution: {integrity: sha512-N4AoqUJh9xboKNVTzyc1cCZ4PMxw4vkqTnY2VaQtiM7x7sfAInAeQvP4L65GXD/Sz2EChXoCNqYKXBMTZXrXFg==}
    hasBin: true
    peerDependencies:
      hono: 4.x
      valibot: 0.30.x
    peerDependenciesMeta:
      hono:
        optional: true
      valibot:
        optional: true

  yallist@4.0.0:
    resolution: {integrity: sha512-3wdGidZyq5PB084XLES5TpOSRA3wjXAlIWMhum2kRcv/41Sn2emQ0dycQW4uZXLejwKvg6EsvbdlVL+FYEct7A==}

snapshots:

  '@cloudflare/workers-types@4.20241224.0': {}

  aws4fetch@1.0.20: {}

  blessed@0.1.81: {}

  hono@4.6.15: {}

  jose@4.15.9: {}

  jose@5.2.3: {}

  lru-cache@6.0.0:
    dependencies:
      yallist: 4.0.0

  object-hash@2.2.0: {}

  oidc-token-hash@5.0.3: {}

  openid-client@5.6.4:
    dependencies:
      jose: 4.15.9
      lru-cache: 6.0.0
      object-hash: 2.2.0
      oidc-token-hash: 5.0.3

  sst-darwin-arm64@3.4.39:
    optional: true

  sst-darwin-x64@3.4.39:
    optional: true

  sst-linux-arm64@3.4.39:
    optional: true

  sst-linux-x64@3.4.39:
    optional: true

  sst-linux-x86@3.4.39:
    optional: true

  sst@3.4.39(hono@4.6.15):
    dependencies:
      aws4fetch: 1.0.20
      jose: 5.2.3
      openid-client: 5.6.4
    optionalDependencies:
      hono: 4.6.15
      sst-darwin-arm64: 3.4.39
      sst-darwin-x64: 3.4.39
      sst-linux-arm64: 3.4.39
      sst-linux-x64: 3.4.39
      sst-linux-x86: 3.4.39

  yallist@4.0.0: {}
